{
    "_readme": [
        "This file locks the dependencies of your project to a known state",
        "Read more about it at https://getcomposer.org/doc/01-basic-usage.md#installing-dependencies",
        "This file is @generated automatically"
    ],
    "content-hash": "f2515682110cb1e4d2d7dda753024f9d",
    "packages": [
        {
            "name": "lupecode/php-trader-native",
            "version": "v2.1.0",
            "source": {
                "type": "git",
                "url": "https://github.com/LupeCode/phpTraderNative.git",
                "reference": "7548d4d1b2bab55cebcf38fc195fa460bcd7d70e"
            },
            "dist": {
                "type": "zip",
                "url": "https://api.github.com/repos/LupeCode/phpTraderNative/zipball/7548d4d1b2bab55cebcf38fc195fa460bcd7d70e",
                "reference": "7548d4d1b2bab55cebcf38fc195fa460bcd7d70e",
                "shasum": ""
            },
            "require": {
                "php": ">=8.1.0"
            },
            "require-dev": {
                "ext-ds": "*",
                "ext-trader": ">=0.4.1",
                "phpbench/phpbench": "~1.2.14",
                "phpunit/phpunit": "~10.3.1"
            },
            "type": "library",
            "autoload": {
                "files": [
                    "source/polyfill.php"
                ],
                "psr-4": {
                    "LupeCode\\phpTraderNative\\": "source/",
                    "LupeCode\\phpTraderNativeTest\\": "tests/"
                }
            },
            "notification-url": "https://packagist.org/downloads/",
            "license": [
                "GPL-3.0-or-later"
            ],
            "authors": [
                {
                    "name": "Joshua Lopez",
                    "email": "joshua@lupecode.com",
                    "homepage": "https://github.com/jb-lopez",
                    "role": "Developer"
                }
            ],
            "description": "An native version of the PHP Trader extension.",
            "support": {
                "issues": "https://github.com/LupeCode/phpTraderNative/issues",
                "source": "https://github.com/LupeCode/phpTraderNative/tree/v2.1.0"
            },
            "time": "2023-11-26T19:16:53+00:00"
        },
        {
            "name": "mitoteam/jpgraph",
            "version": "10.4.1",
            "source": {
                "type": "git",
                "url": "https://github.com/mitoteam/jpgraph.git",
                "reference": "bf92f4e7b498412c8bb60b70eb7625041b1526d8"
            },
            "dist": {
                "type": "zip",
                "url": "https://api.github.com/repos/mitoteam/jpgraph/zipball/bf92f4e7b498412c8bb60b70eb7625041b1526d8",
                "reference": "bf92f4e7b498412c8bb60b70eb7625041b1526d8",
                "shasum": ""
            },
            "require": {
                "php": ">=5.5"
            },
            "replace": {
                "jpgraph/jpgraph": "4.0.2",
                "rulin132/jpgraph": "4.3.5"
            },
            "type": "library",
            "autoload": {
                "classmap": [
                    "src/MtJpGraph.php"
                ]
            },
            "notification-url": "https://packagist.org/downloads/",
            "license": [
                "QPL-1.0"
            ],
            "authors": [
                {
                    "name": "JpGraph team"
                }
            ],
            "description": "JpGraph library composer package with PHP 8.3 support",
            "homepage": "https://github.com/mitoteam/jpgraph",
            "keywords": [
                "jpgraph"
            ],
            "support": {
                "issues": "https://github.com/mitoteam/jpgraph/issues",
                "source": "https://github.com/mitoteam/jpgraph/tree/10.4.1"
            },
            "time": "2024-01-29T10:59:20+00:00"
        }
    ],
    "packages-dev": [],
    "aliases": [],
    "minimum-stability": "stable",
    "stability-flags": [],
    "prefer-stable": false,
    "prefer-lowest": false,
    "platform": {
        "php": ">=8.3",
        "ext-sqlite3": "*",
        "ext-bcmath": "*",
        "ext-gd": "*"
    },
    "platform-dev": [],
    "plugin-api-version": "2.2.0"
}
